
Microsoft Visual Studio Solution File, Format Version 12.00
# Visual Studio 2012
Project("{FAE04EC0-301F-11D3-BF4B-00C04F79EFBC}") = "OriflameApp", "OriflameApp\OriflameApp.csproj", "{5AD03A9A-71D3-4710-BBA5-E9972BF5331F}"
EndProject
Project("{FAE04EC0-301F-11D3-BF4B-00C04F79EFBC}") = "Logic", "Logic\Logic.csproj", "{F44C326E-6C91-4690-98EB-19D1995AA204}"
EndProject
Project("{FAE04EC0-301F-11D3-BF4B-00C04F79EFBC}") = "KeyPad", "..\doc & examples & utilities\KeyPad\KeyPad\KeyPad.csproj", "{3ADBFF38-915C-4115-9CDD-81C0CAD9733A}"
EndProject
Project("{2150E333-8FDC-42A3-9474-1A3956D46DE8}") = ".nuget", ".nuget", "{9F97082A-298A-4681-911D-53BE68BD6D48}"
	ProjectSection(SolutionItems) = preProject
		.nuget\packages.config = .nuget\packages.config
	EndProjectSection
EndProject
Global
	GlobalSection(SolutionConfigurationPlatforms) = preSolution
		Debug|Any CPU = Debug|Any CPU
		Debug|Mixed Platforms = Debug|Mixed Platforms
		Debug|x64 = Debug|x64
		Debug|x86 = Debug|x86
		Release|Any CPU = Release|Any CPU
		Release|Mixed Platforms = Release|Mixed Platforms
		Release|x64 = Release|x64
		Release|x86 = Release|x86
	EndGlobalSection
	GlobalSection(ProjectConfigurationPlatforms) = postSolution
		{5AD03A9A-71D3-4710-BBA5-E9972BF5331F}.Debug|Any CPU.ActiveCfg = Debug|Any CPU
		{5AD03A9A-71D3-4710-BBA5-E9972BF5331F}.Debug|Any CPU.Build.0 = Debug|Any CPU
		{5AD03A9A-71D3-4710-BBA5-E9972BF5331F}.Debug|Mixed Platforms.ActiveCfg = Debug|Any CPU
		{5AD03A9A-71D3-4710-BBA5-E9972BF5331F}.Debug|Mixed Platforms.Build.0 = Debug|Any CPU
		{5AD03A9A-71D3-4710-BBA5-E9972BF5331F}.Debug|x64.ActiveCfg = Debug|Any CPU
		{5AD03A9A-71D3-4710-BBA5-E9972BF5331F}.Debug|x86.ActiveCfg = Debug|x86
		{5AD03A9A-71D3-4710-BBA5-E9972BF5331F}.Debug|x86.Build.0 = Debug|x86
		{5AD03A9A-71D3-4710-BBA5-E9972BF5331F}.Release|Any CPU.ActiveCfg = Release|Any CPU
		{5AD03A9A-71D3-4710-BBA5-E9972BF5331F}.Release|Any CPU.Build.0 = Release|Any CPU
		{5AD03A9A-71D3-4710-BBA5-E9972BF5331F}.Release|Mixed Platforms.ActiveCfg = Release|Any CPU
		{5AD03A9A-71D3-4710-BBA5-E9972BF5331F}.Release|Mixed Platforms.Build.0 = Release|Any CPU
		{5AD03A9A-71D3-4710-BBA5-E9972BF5331F}.Release|x64.ActiveCfg = Release|Any CPU
		{5AD03A9A-71D3-4710-BBA5-E9972BF5331F}.Release|x86.ActiveCfg = Release|x86
		{5AD03A9A-71D3-4710-BBA5-E9972BF5331F}.Release|x86.Build.0 = Release|x86
		{F44C326E-6C91-4690-98EB-19D1995AA204}.Debug|Any CPU.ActiveCfg = Debug|Any CPU
		{F44C326E-6C91-4690-98EB-19D1995AA204}.Debug|Any CPU.Build.0 = Debug|Any CPU
		{F44C326E-6C91-4690-98EB-19D1995AA204}.Debug|Mixed Platforms.ActiveCfg = Debug|Any CPU
		{F44C326E-6C91-4690-98EB-19D1995AA204}.Debug|Mixed Platforms.Build.0 = Debug|Any CPU
		{F44C326E-6C91-4690-98EB-19D1995AA204}.Debug|x64.ActiveCfg = Debug|Any CPU
		{F44C326E-6C91-4690-98EB-19D1995AA204}.Debug|x86.ActiveCfg = Debug|x86
		{F44C326E-6C91-4690-98EB-19D1995AA204}.Debug|x86.Build.0 = Debug|x86
		{F44C326E-6C91-4690-98EB-19D1995AA204}.Release|Any CPU.ActiveCfg = Release|Any CPU
		{F44C326E-6C91-4690-98EB-19D1995AA204}.Release|Any CPU.Build.0 = Release|Any CPU
		{F44C326E-6C91-4690-98EB-19D1995AA204}.Release|Mixed Platforms.ActiveCfg = Release|Any CPU
		{F44C326E-6C91-4690-98EB-19D1995AA204}.Release|Mixed Platforms.Build.0 = Release|Any CPU
		{F44C326E-6C91-4690-98EB-19D1995AA204}.Release|x64.ActiveCfg = Release|Any CPU
		{F44C326E-6C91-4690-98EB-19D1995AA204}.Release|x86.ActiveCfg = Release|x86
		{F44C326E-6C91-4690-98EB-19D1995AA204}.Release|x86.Build.0 = Release|x86
		{3ADBFF38-915C-4115-9CDD-81C0CAD9733A}.Debug|Any CPU.ActiveCfg = Debug|Any CPU
		{3ADBFF38-915C-4115-9CDD-81C0CAD9733A}.Debug|Any CPU.Build.0 = Debug|Any CPU
		{3ADBFF38-915C-4115-9CDD-81C0CAD9733A}.Debug|Mixed Platforms.ActiveCfg = Debug|Any CPU
		{3ADBFF38-915C-4115-9CDD-81C0CAD9733A}.Debug|Mixed Platforms.Build.0 = Debug|Any CPU
		{3ADBFF38-915C-4115-9CDD-81C0CAD9733A}.Debug|x64.ActiveCfg = Debug|Any CPU
		{3ADBFF38-915C-4115-9CDD-81C0CAD9733A}.Debug|x64.Build.0 = Debug|Any CPU
		{3ADBFF38-915C-4115-9CDD-81C0CAD9733A}.Debug|x86.ActiveCfg = Debug|x86
		{3ADBFF38-915C-4115-9CDD-81C0CAD9733A}.Debug|x86.Build.0 = Debug|x86
		{3ADBFF38-915C-4115-9CDD-81C0CAD9733A}.Release|Any CPU.ActiveCfg = Debug|Any CPU
		{3ADBFF38-915C-4115-9CDD-81C0CAD9733A}.Release|Any CPU.Build.0 = Debug|Any CPU
		{3ADBFF38-915C-4115-9CDD-81C0CAD9733A}.Release|Mixed Platforms.ActiveCfg = Debug|Any CPU
		{3ADBFF38-915C-4115-9CDD-81C0CAD9733A}.Release|Mixed Platforms.Build.0 = Debug|Any CPU
		{3ADBFF38-915C-4115-9CDD-81C0CAD9733A}.Release|x64.ActiveCfg = Debug|x64
		{3ADBFF38-915C-4115-9CDD-81C0CAD9733A}.Release|x64.Build.0 = Debug|x64
		{3ADBFF38-915C-4115-9CDD-81C0CAD9733A}.Release|x86.ActiveCfg = Debug|x86
		{3ADBFF38-915C-4115-9CDD-81C0CAD9733A}.Release|x86.Build.0 = Debug|x86
	EndGlobalSection
	GlobalSection(SolutionProperties) = preSolution
		HideSolutionNode = FALSE
	EndGlobalSection
EndGlobal
